// !$*UTF8*$!
{
	archiveVersion = 1;
	classes = {
	};
	objectVersion = 56;
	objects = {

/* Begin PBXBuildFile section */
		AB06C10D2B794AAF001E0DDD /* Week04_RandomShapesApp.swift in Sources */ = {isa = PBXBuildFile; fileRef = AB06C10C2B794AAF001E0DDD /* Week04_RandomShapesApp.swift */; };
		AB06C10F2B794AAF001E0DDD /* MainView.swift in Sources */ = {isa = PBXBuildFile; fileRef = AB06C10E2B794AAF001E0DDD /* MainView.swift */; };
		AB06C1112B794AB0001E0DDD /* Assets.xcassets in Resources */ = {isa = PBXBuildFile; fileRef = AB06C1102B794AB0001E0DDD /* Assets.xcassets */; };
		AB06C1142B794AB0001E0DDD /* Preview Assets.xcassets in Resources */ = {isa = PBXBuildFile; fileRef = AB06C1132B794AB0001E0DDD /* Preview Assets.xcassets */; };
		AB06C11B2B794D85001E0DDD /* Shape1.swift in Sources */ = {isa = PBXBuildFile; fileRef = AB06C11A2B794D85001E0DDD /* Shape1.swift */; };
		AB06C11D2B794DA2001E0DDD /* Shape2.swift in Sources */ = {isa = PBXBuildFile; fileRef = AB06C11C2B794DA2001E0DDD /* Shape2.swift */; };
		AB06C11F2B794DCB001E0DDD /* Shape3.swift in Sources */ = {isa = PBXBuildFile; fileRef = AB06C11E2B794DCB001E0DDD /* Shape3.swift */; };
		AB06C1212B794E7D001E0DDD /* renderGraphics.swift in Sources */ = {isa = PBXBuildFile; fileRef = AB06C1202B794E7D001E0DDD /* renderGraphics.swift */; };
		AB06C1232B7974E2001E0DDD /* Graphics.swift in Sources */ = {isa = PBXBuildFile; fileRef = AB06C1222B7974E2001E0DDD /* Graphics.swift */; };
		AB06C1252B7979D0001E0DDD /* Shape4.swift in Sources */ = {isa = PBXBuildFile; fileRef = AB06C1242B7979D0001E0DDD /* Shape4.swift */; };
		AB451B692D5AC57300E2AC64 /* Shape2_Canvas.swift in Sources */ = {isa = PBXBuildFile; fileRef = AB451B682D5AC57300E2AC64 /* Shape2_Canvas.swift */; };
		AB7C10432CA69D3D00BCC7DB /* README.md in Resources */ = {isa = PBXBuildFile; fileRef = AB7C10422CA69D3D00BCC7DB /* README.md */; };
		AB7C10452CA6A01600BCC7DB /* Shape5.swift in Sources */ = {isa = PBXBuildFile; fileRef = AB7C10442CA6A01600BCC7DB /* Shape5.swift */; };
/* End PBXBuildFile section */

/* Begin PBXFileReference section */
		AB06C1092B794AAF001E0DDD /* Week04-RandomShapes.app */ = {isa = PBXFileReference; explicitFileType = wrapper.application; includeInIndex = 0; path = "Week04-RandomShapes.app"; sourceTree = BUILT_PRODUCTS_DIR; };
		AB06C10C2B794AAF001E0DDD /* Week04_RandomShapesApp.swift */ = {isa = PBXFileReference; lastKnownFileType = sourcecode.swift; path = Week04_RandomShapesApp.swift; sourceTree = "<group>"; };
		AB06C10E2B794AAF001E0DDD /* MainView.swift */ = {isa = PBXFileReference; lastKnownFileType = sourcecode.swift; path = MainView.swift; sourceTree = "<group>"; };
		AB06C1102B794AB0001E0DDD /* Assets.xcassets */ = {isa = PBXFileReference; lastKnownFileType = folder.assetcatalog; path = Assets.xcassets; sourceTree = "<group>"; };
		AB06C1132B794AB0001E0DDD /* Preview Assets.xcassets */ = {isa = PBXFileReference; lastKnownFileType = folder.assetcatalog; path = "Preview Assets.xcassets"; sourceTree = "<group>"; };
		AB06C11A2B794D85001E0DDD /* Shape1.swift */ = {isa = PBXFileReference; lastKnownFileType = sourcecode.swift; path = Shape1.swift; sourceTree = "<group>"; };
		AB06C11C2B794DA2001E0DDD /* Shape2.swift */ = {isa = PBXFileReference; lastKnownFileType = sourcecode.swift; path = Shape2.swift; sourceTree = "<group>"; };
		AB06C11E2B794DCB001E0DDD /* Shape3.swift */ = {isa = PBXFileReference; lastKnownFileType = sourcecode.swift; path = Shape3.swift; sourceTree = "<group>"; };
		AB06C1202B794E7D001E0DDD /* renderGraphics.swift */ = {isa = PBXFileReference; lastKnownFileType = sourcecode.swift; path = renderGraphics.swift; sourceTree = "<group>"; };
		AB06C1222B7974E2001E0DDD /* Graphics.swift */ = {isa = PBXFileReference; lastKnownFileType = sourcecode.swift; path = Graphics.swift; sourceTree = "<group>"; };
		AB06C1242B7979D0001E0DDD /* Shape4.swift */ = {isa = PBXFileReference; lastKnownFileType = sourcecode.swift; path = Shape4.swift; sourceTree = "<group>"; };
		AB451B682D5AC57300E2AC64 /* Shape2_Canvas.swift */ = {isa = PBXFileReference; lastKnownFileType = sourcecode.swift; path = Shape2_Canvas.swift; sourceTree = "<group>"; };
		AB7C10422CA69D3D00BCC7DB /* README.md */ = {isa = PBXFileReference; fileEncoding = 4; lastKnownFileType = net.daringfireball.markdown; name = README.md; path = ../README.md; sourceTree = "<group>"; };
		AB7C10442CA6A01600BCC7DB /* Shape5.swift */ = {isa = PBXFileReference; fileEncoding = 4; lastKnownFileType = sourcecode.swift; path = Shape5.swift; sourceTree = "<group>"; };
/* End PBXFileReference section */

/* Begin PBXFrameworksBuildPhase section */
		AB06C1062B794AAF001E0DDD /* Frameworks */ = {
			isa = PBXFrameworksBuildPhase;
			buildActionMask = 2147483647;
			files = (
			);
			runOnlyForDeploymentPostprocessing = 0;
		};
/* End PBXFrameworksBuildPhase section */

/* Begin PBXGroup section */
		AB06C1002B794AAF001E0DDD = {
			isa = PBXGroup;
			children = (
				AB7C10422CA69D3D00BCC7DB /* README.md */,
				AB06C10B2B794AAF001E0DDD /* Week04-RandomShapes */,
				AB06C10A2B794AAF001E0DDD /* Products */,
			);
			sourceTree = "<group>";
		};
		AB06C10A2B794AAF001E0DDD /* Products */ = {
			isa = PBXGroup;
			children = (
				AB06C1092B794AAF001E0DDD /* Week04-RandomShapes.app */,
			);
			name = Products;
			sourceTree = "<group>";
		};
		AB06C10B2B794AAF001E0DDD /* Week04-RandomShapes */ = {
			isa = PBXGroup;
			children = (
				AB06C10C2B794AAF001E0DDD /* Week04_RandomShapesApp.swift */,
				AB06C10E2B794AAF001E0DDD /* MainView.swift */,
				AB06C11A2B794D85001E0DDD /* Shape1.swift */,
				AB06C11C2B794DA2001E0DDD /* Shape2.swift */,
				AB451B682D5AC57300E2AC64 /* Shape2_Canvas.swift */,
				AB06C11E2B794DCB001E0DDD /* Shape3.swift */,
				AB06C1242B7979D0001E0DDD /* Shape4.swift */,
				AB7C10442CA6A01600BCC7DB /* Shape5.swift */,
				AB06C1222B7974E2001E0DDD /* Graphics.swift */,
				AB06C1202B794E7D001E0DDD /* renderGraphics.swift */,
				AB06C1102B794AB0001E0DDD /* Assets.xcassets */,
				AB06C1122B794AB0001E0DDD /* Preview Content */,
			);
			path = "Week04-RandomShapes";
			sourceTree = "<group>";
		};
		AB06C1122B794AB0001E0DDD /* Preview Content */ = {
			isa = PBXGroup;
			children = (
				AB06C1132B794AB0001E0DDD /* Preview Assets.xcassets */,
			);
			path = "Preview Content";
			sourceTree = "<group>";
		};
/* End PBXGroup section */

/* Begin PBXNativeTarget section */
		AB06C1082B794AAF001E0DDD /* Week04-RandomShapes */ = {
			isa = PBXNativeTarget;
			buildConfigurationList = AB06C1172B794AB0001E0DDD /* Build configuration list for PBXNativeTarget "Week04-RandomShapes" */;
			buildPhases = (
				AB06C1052B794AAF001E0DDD /* Sources */,
				AB06C1062B794AAF001E0DDD /* Frameworks */,
				AB06C1072B794AAF001E0DDD /* Resources */,
			);
			buildRules = (
			);
			dependencies = (
			);
			name = "Week04-RandomShapes";
			productName = "Week04-RandomShapes";
			productReference = AB06C1092B794AAF001E0DDD /* Week04-RandomShapes.app */;
			productType = "com.apple.product-type.application";
		};
/* End PBXNativeTarget section */

/* Begin PBXProject section */
		AB06C1012B794AAF001E0DDD /* Project object */ = {
			isa = PBXProject;
			attributes = {
				BuildIndependentTargetsInParallel = 1;
				LastSwiftUpdateCheck = 1520;
				LastUpgradeCheck = 1520;
				TargetAttributes = {
					AB06C1082B794AAF001E0DDD = {
						CreatedOnToolsVersion = 15.2;
					};
				};
			};
			buildConfigurationList = AB06C1042B794AAF001E0DDD /* Build configuration list for PBXProject "Week04-RandomShapes" */;
			compatibilityVersion = "Xcode 14.0";
			developmentRegion = en;
			hasScannedForEncodings = 0;
			knownRegions = (
				en,
				Base,
			);
			mainGroup = AB06C1002B794AAF001E0DDD;
			productRefGroup = AB06C10A2B794AAF001E0DDD /* Products */;
			projectDirPath = "";
			projectRoot = "";
			targets = (
				AB06C1082B794AAF001E0DDD /* Week04-RandomShapes */,
			);
		};
/* End PBXProject section */

/* Begin PBXResourcesBuildPhase section */
		AB06C1072B794AAF001E0DDD /* Resources */ = {
			isa = PBXResourcesBuildPhase;
			buildActionMask = 2147483647;
			files = (
				AB7C10432CA69D3D00BCC7DB /* README.md in Resources */,
				AB06C1142B794AB0001E0DDD /* Preview Assets.xcassets in Resources */,
				AB06C1112B794AB0001E0DDD /* Assets.xcassets in Resources */,
			);
			runOnlyForDeploymentPostprocessing = 0;
		};
/* End PBXResourcesBuildPhase section */

/* Begin PBXSourcesBuildPhase section */
		AB06C1052B794AAF001E0DDD /* Sources */ = {
			isa = PBXSourcesBuildPhase;
			buildActionMask = 2147483647;
			files = (
				AB06C10F2B794AAF001E0DDD /* MainView.swift in Sources */,
				AB06C10D2B794AAF001E0DDD /* Week04_RandomShapesApp.swift in Sources */,
				AB7C10452CA6A01600BCC7DB /* Shape5.swift in Sources */,
				AB06C1212B794E7D001E0DDD /* renderGraphics.swift in Sources */,
				AB451B692D5AC57300E2AC64 /* Shape2_Canvas.swift in Sources */,
				AB06C1232B7974E2001E0DDD /* Graphics.swift in Sources */,
				AB06C1252B7979D0001E0DDD /* Shape4.swift in Sources */,
				AB06C11F2B794DCB001E0DDD /* Shape3.swift in Sources */,
				AB06C11D2B794DA2001E0DDD /* Shape2.swift in Sources */,
				AB06C11B2B794D85001E0DDD /* Shape1.swift in Sources */,
			);
			runOnlyForDeploymentPostprocessing = 0;
		};
/* End PBXSourcesBuildPhase section */

/* Begin XCBuildConfiguration section */
		AB06C1152B794AB0001E0DDD /* Debug */ = {
			isa = XCBuildConfiguration;
			buildSettings = {
				ALWAYS_SEARCH_USER_PATHS = NO;
				ASSETCATALOG_COMPILER_GENERATE_SWIFT_ASSET_SYMBOL_EXTENSIONS = YES;
				CLANG_ANALYZER_NONNULL = YES;
				CLANG_ANALYZER_NUMBER_OBJECT_CONVERSION = YES_AGGRESSIVE;
				CLANG_CXX_LANGUAGE_STANDARD = "gnu++20";
				CLANG_ENABLE_MODULES = YES;
				CLANG_ENABLE_OBJC_ARC = YES;
				CLANG_ENABLE_OBJC_WEAK = YES;
				CLANG_WARN_BLOCK_CAPTURE_AUTORELEASING = YES;
				CLANG_WARN_BOOL_CONVERSION = YES;
				CLANG_WARN_COMMA = YES;
				CLANG_WARN_CONSTANT_CONVERSION = YES;
				CLANG_WARN_DEPRECATED_OBJC_IMPLEMENTATIONS = YES;
				CLANG_WARN_DIRECT_OBJC_ISA_USAGE = YES_ERROR;
				CLANG_WARN_DOCUMENTATION_COMMENTS = YES;
				CLANG_WARN_EMPTY_BODY = YES;
				CLANG_WARN_ENUM_CONVERSION = YES;
				CLANG_WARN_INFINITE_RECURSION = YES;
				CLANG_WARN_INT_CONVERSION = YES;
				CLANG_WARN_NON_LITERAL_NULL_CONVERSION = YES;
				CLANG_WARN_OBJC_IMPLICIT_RETAIN_SELF = YES;
				CLANG_WARN_OBJC_LITERAL_CONVERSION = YES;
				CLANG_WARN_OBJC_ROOT_CLASS = YES_ERROR;
				CLANG_WARN_QUOTED_INCLUDE_IN_FRAMEWORK_HEADER = YES;
				CLANG_WARN_RANGE_LOOP_ANALYSIS = YES;
				CLANG_WARN_STRICT_PROTOTYPES = YES;
				CLANG_WARN_SUSPICIOUS_MOVE = YES;
				CLANG_WARN_UNGUARDED_AVAILABILITY = YES_AGGRESSIVE;
				CLANG_WARN_UNREACHABLE_CODE = YES;
				CLANG_WARN__DUPLICATE_METHOD_MATCH = YES;
				COPY_PHASE_STRIP = NO;
				DEBUG_INFORMATION_FORMAT = dwarf;
				ENABLE_STRICT_OBJC_MSGSEND = YES;
				ENABLE_TESTABILITY = YES;
				ENABLE_USER_SCRIPT_SANDBOXING = YES;
				GCC_C_LANGUAGE_STANDARD = gnu17;
				GCC_DYNAMIC_NO_PIC = NO;
				GCC_NO_COMMON_BLOCKS = YES;
				GCC_OPTIMIZATION_LEVEL = 0;
				GCC_PREPROCESSOR_DEFINITIONS = (
					"DEBUG=1",
					"$(inherited)",
				);
				GCC_WARN_64_TO_32_BIT_CONVERSION = YES;
				GCC_WARN_ABOUT_RETURN_TYPE = YES_ERROR;
				GCC_WARN_UNDECLARED_SELECTOR = YES;
				GCC_WARN_UNINITIALIZED_AUTOS = YES_AGGRESSIVE;
				GCC_WARN_UNUSED_FUNCTION = YES;
				GCC_WARN_UNUSED_VARIABLE = YES;
				IPHONEOS_DEPLOYMENT_TARGET = 17.2;
				LOCALIZATION_PREFERS_STRING_CATALOGS = YES;
				MTL_ENABLE_DEBUG_INFO = INCLUDE_SOURCE;
				MTL_FAST_MATH = YES;
				ONLY_ACTIVE_ARCH = YES;
				SDKROOT = iphoneos;
				SWIFT_ACTIVE_COMPILATION_CONDITIONS = "DEBUG $(inherited)";
				SWIFT_OPTIMIZATION_LEVEL = "-Onone";
			};
			name = Debug;
		};
		AB06C1162B794AB0001E0DDD /* Release */ = {
			isa = XCBuildConfiguration;
			buildSettings = {
				ALWAYS_SEARCH_USER_PATHS = NO;
				ASSETCATALOG_COMPILER_GENERATE_SWIFT_ASSET_SYMBOL_EXTENSIONS = YES;
				CLANG_ANALYZER_NONNULL = YES;
				CLANG_ANALYZER_NUMBER_OBJECT_CONVERSION = YES_AGGRESSIVE;
				CLANG_CXX_LANGUAGE_STANDARD = "gnu++20";
				CLANG_ENABLE_MODULES = YES;
				CLANG_ENABLE_OBJC_ARC = YES;
				CLANG_ENABLE_OBJC_WEAK = YES;
				CLANG_WARN_BLOCK_CAPTURE_AUTORELEASING = YES;
				CLANG_WARN_BOOL_CONVERSION = YES;
				CLANG_WARN_COMMA = YES;
				CLANG_WARN_CONSTANT_CONVERSION = YES;
				CLANG_WARN_DEPRECATED_OBJC_IMPLEMENTATIONS = YES;
				CLANG_WARN_DIRECT_OBJC_ISA_USAGE = YES_ERROR;
				CLANG_WARN_DOCUMENTATION_COMMENTS = YES;
				CLANG_WARN_EMPTY_BODY = YES;
				CLANG_WARN_ENUM_CONVERSION = YES;
				CLANG_WARN_INFINITE_RECURSION = YES;
				CLANG_WARN_INT_CONVERSION = YES;
				CLANG_WARN_NON_LITERAL_NULL_CONVERSION = YES;
				CLANG_WARN_OBJC_IMPLICIT_RETAIN_SELF = YES;
				CLANG_WARN_OBJC_LITERAL_CONVERSION = YES;
				CLANG_WARN_OBJC_ROOT_CLASS = YES_ERROR;
				CLANG_WARN_QUOTED_INCLUDE_IN_FRAMEWORK_HEADER = YES;
				CLANG_WARN_RANGE_LOOP_ANALYSIS = YES;
				CLANG_WARN_STRICT_PROTOTYPES = YES;
				CLANG_WARN_SUSPICIOUS_MOVE = YES;
				CLANG_WARN_UNGUARDED_AVAILABILITY = YES_AGGRESSIVE;
				CLANG_WARN_UNREACHABLE_CODE = YES;
				CLANG_WARN__DUPLICATE_METHOD_MATCH = YES;
				COPY_PHASE_STRIP = NO;
				DEBUG_INFORMATION_FORMAT = "dwarf-with-dsym";
				ENABLE_NS_ASSERTIONS = NO;
				ENABLE_STRICT_OBJC_MSGSEND = YES;
				ENABLE_USER_SCRIPT_SANDBOXING = YES;
				GCC_C_LANGUAGE_STANDARD = gnu17;
				GCC_NO_COMMON_BLOCKS = YES;
				GCC_WARN_64_TO_32_BIT_CONVERSION = YES;
				GCC_WARN_ABOUT_RETURN_TYPE = YES_ERROR;
				GCC_WARN_UNDECLARED_SELECTOR = YES;
				GCC_WARN_UNINITIALIZED_AUTOS = YES_AGGRESSIVE;
				GCC_WARN_UNUSED_FUNCTION = YES;
				GCC_WARN_UNUSED_VARIABLE = YES;
				IPHONEOS_DEPLOYMENT_TARGET = 17.2;
				LOCALIZATION_PREFERS_STRING_CATALOGS = YES;
				MTL_ENABLE_DEBUG_INFO = NO;
				MTL_FAST_MATH = YES;
				SDKROOT = iphoneos;
				SWIFT_COMPILATION_MODE = wholemodule;
				VALIDATE_PRODUCT = YES;
			};
			name = Release;
		};
		AB06C1182B794AB0001E0DDD /* Debug */ = {
			isa = XCBuildConfiguration;
			buildSettings = {
				ASSETCATALOG_COMPILER_APPICON_NAME = AppIcon;
				ASSETCATALOG_COMPILER_GLOBAL_ACCENT_COLOR_NAME = AccentColor;
				CODE_SIGN_STYLE = Automatic;
				CURRENT_PROJECT_VERSION = 1;
				DEVELOPMENT_ASSET_PATHS = "\"Week04-RandomShapes/Preview Content\"";
				DEVELOPMENT_TEAM = 3RCW2SSL8G;
				ENABLE_PREVIEWS = YES;
				GENERATE_INFOPLIST_FILE = YES;
				INFOPLIST_KEY_UIApplicationSceneManifest_Generation = YES;
				INFOPLIST_KEY_UIApplicationSupportsIndirectInputEvents = YES;
				INFOPLIST_KEY_UILaunchScreen_Generation = YES;
				INFOPLIST_KEY_UISupportedInterfaceOrientations_iPad = "UIInterfaceOrientationPortrait UIInterfaceOrientationPortraitUpsideDown UIInterfaceOrientationLandscapeLeft UIInterfaceOrientationLandscapeRight";
				INFOPLIST_KEY_UISupportedInterfaceOrientations_iPhone = "UIInterfaceOrientationPortrait UIInterfaceOrientationLandscapeLeft UIInterfaceOrientationLandscapeRight";
				LD_RUNPATH_SEARCH_PATHS = (
					"$(inherited)",
					"@executable_path/Frameworks",
				);
				MARKETING_VERSION = 1.0;
				PRODUCT_BUNDLE_IDENTIFIER = "com.jht1900.Week04-RandomShapes";
				PRODUCT_NAME = "$(TARGET_NAME)";
				SWIFT_EMIT_LOC_STRINGS = YES;
				SWIFT_VERSION = 5.0;
				TARGETED_DEVICE_FAMILY = "1,2";
			};
			name = Debug;
		};
		AB06C1192B794AB0001E0DDD /* Release */ = {
			isa = XCBuildConfiguration;
			buildSettings = {
				ASSETCATALOG_COMPILER_APPICON_NAME = AppIcon;
				ASSETCATALOG_COMPILER_GLOBAL_ACCENT_COLOR_NAME = AccentColor;
				CODE_SIGN_STYLE = Automatic;
				CURRENT_PROJECT_VERSION = 1;
				DEVELOPMENT_ASSET_PATHS = "\"Week04-RandomShapes/Preview Content\"";
				DEVELOPMENT_TEAM = 3RCW2SSL8G;
				ENABLE_PREVIEWS = YES;
				GENERATE_INFOPLIST_FILE = YES;
				INFOPLIST_KEY_UIApplicationSceneManifest_Generation = YES;
				INFOPLIST_KEY_UIApplicationSupportsIndirectInputEvents = YES;
				INFOPLIST_KEY_UILaunchScreen_Generation = YES;
				INFOPLIST_KEY_UISupportedInterfaceOrientations_iPad = "UIInterfaceOrientationPortrait UIInterfaceOrientationPortraitUpsideDown UIInterfaceOrientationLandscapeLeft UIInterfaceOrientationLandscapeRight";
				INFOPLIST_KEY_UISupportedInterfaceOrientations_iPhone = "UIInterfaceOrientationPortrait UIInterfaceOrientationLandscapeLeft UIInterfaceOrientationLandscapeRight";
				LD_RUNPATH_SEARCH_PATHS = (
					"$(inherited)",
					"@executable_path/Frameworks",
				);
				MARKETING_VERSION = 1.0;
				PRODUCT_BUNDLE_IDENTIFIER = "com.jht1900.Week04-RandomShapes";
				PRODUCT_NAME = "$(TARGET_NAME)";
				SWIFT_EMIT_LOC_STRINGS = YES;
				SWIFT_VERSION = 5.0;
				TARGETED_DEVICE_FAMILY = "1,2";
			};
			name = Release;
		};
/* End XCBuildConfiguration section */

/* Begin XCConfigurationList section */
		AB06C1042B794AAF001E0DDD /* Build configuration list for PBXProject "Week04-RandomShapes" */ = {
			isa = XCConfigurationList;
			buildConfigurations = (
				AB06C1152B794AB0001E0DDD /* Debug */,
				AB06C1162B794AB0001E0DDD /* Release */,
			);
			defaultConfigurationIsVisible = 0;
			defaultConfigurationName = Release;
		};
		AB06C1172B794AB0001E0DDD /* Build configuration list for PBXNativeTarget "Week04-RandomShapes" */ = {
			isa = XCConfigurationList;
			buildConfigurations = (
				AB06C1182B794AB0001E0DDD /* Debug */,
				AB06C1192B794AB0001E0DDD /* Release */,
			);
			defaultConfigurationIsVisible = 0;
			defaultConfigurationName = Release;
		};
/* End XCConfigurationList section */
	};
	rootObject = AB06C1012B794AAF001E0DDD /* Project object */;
}
